
Microsoft Visual Studio Solution File, Format Version 12.00
# Visual Studio Version 17
VisualStudioVersion = 17.4.33205.214
MinimumVisualStudioVersion = 10.0.40219.1
Project("{FAE04EC0-301F-11D3-BF4B-00C04F79EFBC}") = "ProjectCode1", "ProjectCode1\ProjectCode1.csproj", "{C29B8139-4767-4540-B3A4-3512CE257DEC}"
EndProject
Global
	GlobalSection(SolutionConfigurationPlatforms) = preSolution
		Debug|Any CPU = Debug|Any CPU
		Release|Any CPU = Release|Any CPU
	EndGlobalSection
	GlobalSection(ProjectConfigurationPlatforms) = postSolution
		{C29B8139-4767-4540-B3A4-3512CE257DEC}.Debug|Any CPU.ActiveCfg = Debug|Any CPU
		{C29B8139-4767-4540-B3A4-3512CE257DEC}.Debug|Any CPU.Build.0 = Debug|Any CPU
		{C29B8139-4767-4540-B3A4-3512CE257DEC}.Release|Any CPU.ActiveCfg = Release|Any CPU
		{C29B8139-4767-4540-B3A4-3512CE257DEC}.Release|Any CPU.Build.0 = Release|Any CPU
	EndGlobalSection
	GlobalSection(SolutionProperties) = preSolution
		HideSolutionNode = FALSE
	EndGlobalSection
	GlobalSection(ExtensibilityGlobals) = postSolution
		SolutionGuid = {A0011891-1BE8-4EC5-B620-3D2D53513DD4}
	EndGlobalSection
EndGlobal
